
Microsoft Visual Studio Solution File, Format Version 12.00
# Visual Studio Version 17
VisualStudioVersion = 17.0.31903.59
MinimumVisualStudioVersion = 10.0.40219.1
Project("{FAE04EC0-301F-11D3-BF4B-00C04F79EFBC}") = "CBlog.Data", "CBlog.Data\CBlog.Data.csproj", "{FB4DA1BA-5CCA-4A47-8098-6C474A3F438F}"
EndProject
Project("{FAE04EC0-301F-11D3-BF4B-00C04F79EFBC}") = "CBlog.FrontEnd", "CBlog.FrontEnd\CBlog.FrontEnd.csproj", "{A32A43B9-24E1-473B-9E9D-7BEA4CB1F1C9}"
EndProject
Project("{FAE04EC0-301F-11D3-BF4B-00C04F79EFBC}") = "CBlog.API", "CBlog.API\CBlog.API.csproj", "{261CBBAD-CB8F-4C06-908E-7BFF93231FE0}"
EndProject
Project("{FAE04EC0-301F-11D3-BF4B-00C04F79EFBC}") = "CBlog.Service", "CBlog.Service\CBlog.Service.csproj", "{21ABCA47-7E43-45C2-BC43-D2A0A51521B6}"
EndProject
Global
	GlobalSection(SolutionConfigurationPlatforms) = preSolution
		Debug|Any CPU = Debug|Any CPU
		Release|Any CPU = Release|Any CPU
	EndGlobalSection
	GlobalSection(SolutionProperties) = preSolution
		HideSolutionNode = FALSE
	EndGlobalSection
	GlobalSection(ProjectConfigurationPlatforms) = postSolution
		{FB4DA1BA-5CCA-4A47-8098-6C474A3F438F}.Debug|Any CPU.ActiveCfg = Debug|Any CPU
		{FB4DA1BA-5CCA-4A47-8098-6C474A3F438F}.Debug|Any CPU.Build.0 = Debug|Any CPU
		{FB4DA1BA-5CCA-4A47-8098-6C474A3F438F}.Release|Any CPU.ActiveCfg = Release|Any CPU
		{FB4DA1BA-5CCA-4A47-8098-6C474A3F438F}.Release|Any CPU.Build.0 = Release|Any CPU
		{A32A43B9-24E1-473B-9E9D-7BEA4CB1F1C9}.Debug|Any CPU.ActiveCfg = Debug|Any CPU
		{A32A43B9-24E1-473B-9E9D-7BEA4CB1F1C9}.Debug|Any CPU.Build.0 = Debug|Any CPU
		{A32A43B9-24E1-473B-9E9D-7BEA4CB1F1C9}.Release|Any CPU.ActiveCfg = Release|Any CPU
		{A32A43B9-24E1-473B-9E9D-7BEA4CB1F1C9}.Release|Any CPU.Build.0 = Release|Any CPU
		{261CBBAD-CB8F-4C06-908E-7BFF93231FE0}.Debug|Any CPU.ActiveCfg = Debug|Any CPU
		{261CBBAD-CB8F-4C06-908E-7BFF93231FE0}.Debug|Any CPU.Build.0 = Debug|Any CPU
		{261CBBAD-CB8F-4C06-908E-7BFF93231FE0}.Release|Any CPU.ActiveCfg = Release|Any CPU
		{261CBBAD-CB8F-4C06-908E-7BFF93231FE0}.Release|Any CPU.Build.0 = Release|Any CPU
		{21ABCA47-7E43-45C2-BC43-D2A0A51521B6}.Debug|Any CPU.ActiveCfg = Debug|Any CPU
		{21ABCA47-7E43-45C2-BC43-D2A0A51521B6}.Debug|Any CPU.Build.0 = Debug|Any CPU
		{21ABCA47-7E43-45C2-BC43-D2A0A51521B6}.Release|Any CPU.ActiveCfg = Release|Any CPU
		{21ABCA47-7E43-45C2-BC43-D2A0A51521B6}.Release|Any CPU.Build.0 = Release|Any CPU
	EndGlobalSection
EndGlobal
